// !$*UTF8*$!
{
	archiveVersion = 1;
	classes = {
	};
	objectVersion = 45;
	objects = {

/* Begin PBXBuildFile section */
		37FA49421B871ACF0040C5F9 /* GLBatch.h in Headers */ = {isa = PBXBuildFile; fileRef = 37FA49371B871ACF0040C5F9 /* GLBatch.h */; };
		37FA49431B871ACF0040C5F9 /* GLBatchBase.h in Headers */ = {isa = PBXBuildFile; fileRef = 37FA49381B871ACF0040C5F9 /* GLBatchBase.h */; };
		37FA49441B871ACF0040C5F9 /* GLFrame.h in Headers */ = {isa = PBXBuildFile; fileRef = 37FA49391B871ACF0040C5F9 /* GLFrame.h */; };
		37FA49451B871ACF0040C5F9 /* GLFrustum.h in Headers */ = {isa = PBXBuildFile; fileRef = 37FA493A1B871ACF0040C5F9 /* GLFrustum.h */; };
		37FA49461B871ACF0040C5F9 /* GLGeometryTransform.h in Headers */ = {isa = PBXBuildFile; fileRef = 37FA493B1B871ACF0040C5F9 /* GLGeometryTransform.h */; };
		37FA49471B871ACF0040C5F9 /* GLMatrixStack.h in Headers */ = {isa = PBXBuildFile; fileRef = 37FA493C1B871ACF0040C5F9 /* GLMatrixStack.h */; };
		37FA49481B871ACF0040C5F9 /* GLShaderManager.h in Headers */ = {isa = PBXBuildFile; fileRef = 37FA493D1B871ACF0040C5F9 /* GLShaderManager.h */; };
		37FA49491B871ACF0040C5F9 /* GLTools.h in Headers */ = {isa = PBXBuildFile; fileRef = 37FA493E1B871ACF0040C5F9 /* GLTools.h */; };
		37FA494A1B871ACF0040C5F9 /* GLTriangleBatch.h in Headers */ = {isa = PBXBuildFile; fileRef = 37FA493F1B871ACF0040C5F9 /* GLTriangleBatch.h */; };
		37FA494B1B871ACF0040C5F9 /* math3d.h in Headers */ = {isa = PBXBuildFile; fileRef = 37FA49401B871ACF0040C5F9 /* math3d.h */; };
		37FA494C1B871ACF0040C5F9 /* StopWatch.h in Headers */ = {isa = PBXBuildFile; fileRef = 37FA49411B871ACF0040C5F9 /* StopWatch.h */; };
		39E59EB711025EF80006BDA2 /* GLBatch.cpp in Sources */ = {isa = PBXBuildFile; fileRef = 39E59EB111025EF80006BDA2 /* GLBatch.cpp */; };
		39E59EB811025EF80006BDA2 /* glew.c in Sources */ = {isa = PBXBuildFile; fileRef = 39E59EB211025EF80006BDA2 /* glew.c */; };
		39E59EB911025EF80006BDA2 /* GLShaderManager.cpp in Sources */ = {isa = PBXBuildFile; fileRef = 39E59EB311025EF80006BDA2 /* GLShaderManager.cpp */; };
		39E59EBA11025EF80006BDA2 /* GLTools.cpp in Sources */ = {isa = PBXBuildFile; fileRef = 39E59EB411025EF80006BDA2 /* GLTools.cpp */; };
		39E59EBB11025EF80006BDA2 /* GLTriangleBatch.cpp in Sources */ = {isa = PBXBuildFile; fileRef = 39E59EB511025EF80006BDA2 /* GLTriangleBatch.cpp */; };
		39E59EBC11025EF80006BDA2 /* math3d.cpp in Sources */ = {isa = PBXBuildFile; fileRef = 39E59EB611025EF80006BDA2 /* math3d.cpp */; };
/* End PBXBuildFile section */

/* Begin PBXFileReference section */
		37FA49361B871ACF0040C5F9 /* GL */ = {isa = PBXFileReference; lastKnownFileType = folder; name = GL; path = ../../../Src/GLTools/include/GL; sourceTree = "<group>"; };
		37FA49371B871ACF0040C5F9 /* GLBatch.h */ = {isa = PBXFileReference; fileEncoding = 4; lastKnownFileType = sourcecode.c.h; name = GLBatch.h; path = ../../../Src/GLTools/include/GLBatch.h; sourceTree = "<group>"; };
		37FA49381B871ACF0040C5F9 /* GLBatchBase.h */ = {isa = PBXFileReference; fileEncoding = 4; lastKnownFileType = sourcecode.c.h; name = GLBatchBase.h; path = ../../../Src/GLTools/include/GLBatchBase.h; sourceTree = "<group>"; };
		37FA49391B871ACF0040C5F9 /* GLFrame.h */ = {isa = PBXFileReference; fileEncoding = 4; lastKnownFileType = sourcecode.c.h; name = GLFrame.h; path = ../../../Src/GLTools/include/GLFrame.h; sourceTree = "<group>"; };
		37FA493A1B871ACF0040C5F9 /* GLFrustum.h */ = {isa = PBXFileReference; fileEncoding = 4; lastKnownFileType = sourcecode.c.h; name = GLFrustum.h; path = ../../../Src/GLTools/include/GLFrustum.h; sourceTree = "<group>"; };
		37FA493B1B871ACF0040C5F9 /* GLGeometryTransform.h */ = {isa = PBXFileReference; fileEncoding = 4; lastKnownFileType = sourcecode.c.h; name = GLGeometryTransform.h; path = ../../../Src/GLTools/include/GLGeometryTransform.h; sourceTree = "<group>"; };
		37FA493C1B871ACF0040C5F9 /* GLMatrixStack.h */ = {isa = PBXFileReference; fileEncoding = 4; lastKnownFileType = sourcecode.c.h; name = GLMatrixStack.h; path = ../../../Src/GLTools/include/GLMatrixStack.h; sourceTree = "<group>"; };
		37FA493D1B871ACF0040C5F9 /* GLShaderManager.h */ = {isa = PBXFileReference; fileEncoding = 4; lastKnownFileType = sourcecode.c.h; name = GLShaderManager.h; path = ../../../Src/GLTools/include/GLShaderManager.h; sourceTree = "<group>"; };
		37FA493E1B871ACF0040C5F9 /* GLTools.h */ = {isa = PBXFileReference; fileEncoding = 4; lastKnownFileType = sourcecode.c.h; name = GLTools.h; path = ../../../Src/GLTools/include/GLTools.h; sourceTree = "<group>"; };
		37FA493F1B871ACF0040C5F9 /* GLTriangleBatch.h */ = {isa = PBXFileReference; fileEncoding = 4; lastKnownFileType = sourcecode.c.h; name = GLTriangleBatch.h; path = ../../../Src/GLTools/include/GLTriangleBatch.h; sourceTree = "<group>"; };
		37FA49401B871ACF0040C5F9 /* math3d.h */ = {isa = PBXFileReference; fileEncoding = 4; lastKnownFileType = sourcecode.c.h; name = math3d.h; path = ../../../Src/GLTools/include/math3d.h; sourceTree = "<group>"; };
		37FA49411B871ACF0040C5F9 /* StopWatch.h */ = {isa = PBXFileReference; fileEncoding = 4; lastKnownFileType = sourcecode.c.h; name = StopWatch.h; path = ../../../Src/GLTools/include/StopWatch.h; sourceTree = "<group>"; };
		39E59EB111025EF80006BDA2 /* GLBatch.cpp */ = {isa = PBXFileReference; fileEncoding = 4; lastKnownFileType = sourcecode.cpp.cpp; name = GLBatch.cpp; path = ../../../Src/GLTools/src/GLBatch.cpp; sourceTree = SOURCE_ROOT; };
		39E59EB211025EF80006BDA2 /* glew.c */ = {isa = PBXFileReference; fileEncoding = 4; lastKnownFileType = sourcecode.c.c; name = glew.c; path = ../../../Src/GLTools/src/glew.c; sourceTree = SOURCE_ROOT; };
		39E59EB311025EF80006BDA2 /* GLShaderManager.cpp */ = {isa = PBXFileReference; fileEncoding = 4; lastKnownFileType = sourcecode.cpp.cpp; name = GLShaderManager.cpp; path = ../../../Src/GLTools/src/GLShaderManager.cpp; sourceTree = SOURCE_ROOT; };
		39E59EB411025EF80006BDA2 /* GLTools.cpp */ = {isa = PBXFileReference; fileEncoding = 4; lastKnownFileType = sourcecode.cpp.cpp; name = GLTools.cpp; path = ../../../Src/GLTools/src/GLTools.cpp; sourceTree = SOURCE_ROOT; };
		39E59EB511025EF80006BDA2 /* GLTriangleBatch.cpp */ = {isa = PBXFileReference; fileEncoding = 4; lastKnownFileType = sourcecode.cpp.cpp; name = GLTriangleBatch.cpp; path = ../../../Src/GLTools/src/GLTriangleBatch.cpp; sourceTree = SOURCE_ROOT; };
		39E59EB611025EF80006BDA2 /* math3d.cpp */ = {isa = PBXFileReference; fileEncoding = 4; lastKnownFileType = sourcecode.cpp.cpp; name = math3d.cpp; path = ../../../Src/GLTools/src/math3d.cpp; sourceTree = SOURCE_ROOT; };
		D2AAC046055464E500DB518D /* libGLTools.a */ = {isa = PBXFileReference; explicitFileType = archive.ar; includeInIndex = 0; path = libGLTools.a; sourceTree = BUILT_PRODUCTS_DIR; };
/* End PBXFileReference section */

/* Begin PBXFrameworksBuildPhase section */
		D289987405E68DCB004EDB86 /* Frameworks */ = {
			isa = PBXFrameworksBuildPhase;
			buildActionMask = 2147483647;
			files = (
			);
			runOnlyForDeploymentPostprocessing = 0;
		};
/* End PBXFrameworksBuildPhase section */

/* Begin PBXGroup section */
		08FB7794FE84155DC02AAC07 /* GLTools */ = {
			isa = PBXGroup;
			children = (
				37FA49361B871ACF0040C5F9 /* GL */,
				37FA49371B871ACF0040C5F9 /* GLBatch.h */,
				37FA49381B871ACF0040C5F9 /* GLBatchBase.h */,
				37FA49391B871ACF0040C5F9 /* GLFrame.h */,
				37FA493A1B871ACF0040C5F9 /* GLFrustum.h */,
				37FA493B1B871ACF0040C5F9 /* GLGeometryTransform.h */,
				37FA493C1B871ACF0040C5F9 /* GLMatrixStack.h */,
				37FA493D1B871ACF0040C5F9 /* GLShaderManager.h */,
				37FA493E1B871ACF0040C5F9 /* GLTools.h */,
				37FA493F1B871ACF0040C5F9 /* GLTriangleBatch.h */,
				37FA49401B871ACF0040C5F9 /* math3d.h */,
				37FA49411B871ACF0040C5F9 /* StopWatch.h */,
				08FB7795FE84155DC02AAC07 /* Source */,
				C6A0FF2B0290797F04C91782 /* Documentation */,
				1AB674ADFE9D54B511CA2CBB /* Products */,
			);
			name = GLTools;
			sourceTree = "<group>";
		};
		08FB7795FE84155DC02AAC07 /* Source */ = {
			isa = PBXGroup;
			children = (
				39E59EB111025EF80006BDA2 /* GLBatch.cpp */,
				39E59EB211025EF80006BDA2 /* glew.c */,
				39E59EB311025EF80006BDA2 /* GLShaderManager.cpp */,
				39E59EB411025EF80006BDA2 /* GLTools.cpp */,
				39E59EB511025EF80006BDA2 /* GLTriangleBatch.cpp */,
				39E59EB611025EF80006BDA2 /* math3d.cpp */,
			);
			name = Source;
			sourceTree = "<group>";
		};
		1AB674ADFE9D54B511CA2CBB /* Products */ = {
			isa = PBXGroup;
			children = (
				D2AAC046055464E500DB518D /* libGLTools.a */,
			);
			name = Products;
			sourceTree = "<group>";
		};
		C6A0FF2B0290797F04C91782 /* Documentation */ = {
			isa = PBXGroup;
			children = (
			);
			name = Documentation;
			sourceTree = "<group>";
		};
/* End PBXGroup section */

/* Begin PBXHeadersBuildPhase section */
		D2AAC043055464E500DB518D /* Headers */ = {
			isa = PBXHeadersBuildPhase;
			buildActionMask = 2147483647;
			files = (
				37FA494A1B871ACF0040C5F9 /* GLTriangleBatch.h in Headers */,
				37FA494B1B871ACF0040C5F9 /* math3d.h in Headers */,
				37FA49461B871ACF0040C5F9 /* GLGeometryTransform.h in Headers */,
				37FA49481B871ACF0040C5F9 /* GLShaderManager.h in Headers */,
				37FA49471B871ACF0040C5F9 /* GLMatrixStack.h in Headers */,
				37FA49491B871ACF0040C5F9 /* GLTools.h in Headers */,
				37FA494C1B871ACF0040C5F9 /* StopWatch.h in Headers */,
				37FA49441B871ACF0040C5F9 /* GLFrame.h in Headers */,
				37FA49421B871ACF0040C5F9 /* GLBatch.h in Headers */,
				37FA49451B871ACF0040C5F9 /* GLFrustum.h in Headers */,
				37FA49431B871ACF0040C5F9 /* GLBatchBase.h in Headers */,
			);
			runOnlyForDeploymentPostprocessing = 0;
		};
/* End PBXHeadersBuildPhase section */

/* Begin PBXNativeTarget section */
		D2AAC045055464E500DB518D /* GLTools */ = {
			isa = PBXNativeTarget;
			buildConfigurationList = 1DEB91EB08733DB70010E9CD /* Build configuration list for PBXNativeTarget "GLTools" */;
			buildPhases = (
				D2AAC043055464E500DB518D /* Headers */,
				D2AAC044055464E500DB518D /* Sources */,
				D289987405E68DCB004EDB86 /* Frameworks */,
			);
			buildRules = (
			);
			dependencies = (
			);
			name = GLTools;
			productName = GLTools;
			productReference = D2AAC046055464E500DB518D /* libGLTools.a */;
			productType = "com.apple.product-type.library.static";
		};
/* End PBXNativeTarget section */

/* Begin PBXProject section */
		08FB7793FE84155DC02AAC07 /* Project object */ = {
			isa = PBXProject;
			attributes = {
			};
			buildConfigurationList = 1DEB91EF08733DB70010E9CD /* Build configuration list for PBXProject "GLTools" */;
			compatibilityVersion = "Xcode 3.1";
			developmentRegion = English;
			hasScannedForEncodings = 1;
			knownRegions = (
				en,
			);
			mainGroup = 08FB7794FE84155DC02AAC07 /* GLTools */;
			projectDirPath = "";
			projectRoot = "";
			targets = (
				D2AAC045055464E500DB518D /* GLTools */,
			);
		};
/* End PBXProject section */

/* Begin PBXSourcesBuildPhase section */
		D2AAC044055464E500DB518D /* Sources */ = {
			isa = PBXSourcesBuildPhase;
			buildActionMask = 2147483647;
			files = (
				39E59EB711025EF80006BDA2 /* GLBatch.cpp in Sources */,
				39E59EB811025EF80006BDA2 /* glew.c in Sources */,
				39E59EB911025EF80006BDA2 /* GLShaderManager.cpp in Sources */,
				39E59EBA11025EF80006BDA2 /* GLTools.cpp in Sources */,
				39E59EBB11025EF80006BDA2 /* GLTriangleBatch.cpp in Sources */,
				39E59EBC11025EF80006BDA2 /* math3d.cpp in Sources */,
			);
			runOnlyForDeploymentPostprocessing = 0;
		};
/* End PBXSourcesBuildPhase section */

/* Begin XCBuildConfiguration section */
		1DEB91EC08733DB70010E9CD /* Debug */ = {
			isa = XCBuildConfiguration;
			buildSettings = {
				ALWAYS_SEARCH_USER_PATHS = NO;
				COPY_PHASE_STRIP = NO;
				GCC_DYNAMIC_NO_PIC = NO;
				GCC_ENABLE_FIX_AND_CONTINUE = YES;
				GCC_MODEL_TUNING = G5;
				GCC_OPTIMIZATION_LEVEL = 0;
				HEADER_SEARCH_PATHS = (
					"$(GLTOOLS_INCLUDE)",
					../../../Src/GLTools/include,
				);
				INSTALL_PATH = /usr/local/lib;
				PRODUCT_NAME = GLTools;
				SDKROOT = macosx;
			};
			name = Debug;
		};
		1DEB91ED08733DB70010E9CD /* Release */ = {
			isa = XCBuildConfiguration;
			buildSettings = {
				ALWAYS_SEARCH_USER_PATHS = NO;
				DEBUG_INFORMATION_FORMAT = "dwarf-with-dsym";
				GCC_MODEL_TUNING = G5;
				HEADER_SEARCH_PATHS = (
					"$(GLTOOLS_INCLUDE)",
					../../../Src/GLTools/include,
				);
				INSTALL_PATH = /usr/local/lib;
				PRODUCT_NAME = GLTools;
				SDKROOT = macosx;
			};
			name = Release;
		};
		1DEB91F008733DB70010E9CD /* Debug */ = {
			isa = XCBuildConfiguration;
			buildSettings = {
				ARCHS = "$(ARCHS_STANDARD_32_64_BIT)";
				GCC_C_LANGUAGE_STANDARD = gnu99;
				GCC_OPTIMIZATION_LEVEL = 0;
				GCC_WARN_ABOUT_RETURN_TYPE = YES;
				GCC_WARN_UNUSED_VARIABLE = YES;
				HEADER_SEARCH_PATHS = "$(GLTOOLS_INCLUDE)";
				ONLY_ACTIVE_ARCH = YES;
				PREBINDING = NO;
				SDKROOT = macosx10.6;
			};
			name = Debug;
		};
		1DEB91F108733DB70010E9CD /* Release */ = {
			isa = XCBuildConfiguration;
			buildSettings = {
				ARCHS = "$(ARCHS_STANDARD_32_64_BIT)";
				GCC_C_LANGUAGE_STANDARD = gnu99;
				GCC_WARN_ABOUT_RETURN_TYPE = YES;
				GCC_WARN_UNUSED_VARIABLE = YES;
				HEADER_SEARCH_PATHS = "$(GLTOOLS_INCLUDE)";
				PREBINDING = NO;
				SDKROOT = macosx10.6;
			};
			name = Release;
		};
/* End XCBuildConfiguration section */

/* Begin XCConfigurationList section */
		1DEB91EB08733DB70010E9CD /* Build configuration list for PBXNativeTarget "GLTools" */ = {
			isa = XCConfigurationList;
			buildConfigurations = (
				1DEB91EC08733DB70010E9CD /* Debug */,
				1DEB91ED08733DB70010E9CD /* Release */,
			);
			defaultConfigurationIsVisible = 0;
			defaultConfigurationName = Release;
		};
		1DEB91EF08733DB70010E9CD /* Build configuration list for PBXProject "GLTools" */ = {
			isa = XCConfigurationList;
			buildConfigurations = (
				1DEB91F008733DB70010E9CD /* Debug */,
				1DEB91F108733DB70010E9CD /* Release */,
			);
			defaultConfigurationIsVisible = 0;
			defaultConfigurationName = Release;
		};
/* End XCConfigurationList section */
	};
	rootObject = 08FB7793FE84155DC02AAC07 /* Project object */;
}
